<?xml version="1.0" encoding="utf-8"?>
<Project ToolsVersion="4.0" xmlns="http://schemas.microsoft.com/developer/msbuild/2003">
  <ItemGroup>
    <Filter Include="Source Files">
      <UniqueIdentifier>{4FC737F1-C7A5-4376-A066-2A32D752A2FF}</UniqueIdentifier>
      <Extensions>cpp;c;cc;cxx;c++;cppm;ixx;def;odl;idl;hpj;bat;asm;asmx</Extensions>
    </Filter>
    <Filter Include="Header Files">
      <UniqueIdentifier>{93995380-89BD-4b04-88EB-625FBE52EBFB}</UniqueIdentifier>
      <Extensions>h;hh;hpp;hxx;h++;hm;inl;inc;ipp;xsd</Extensions>
    </Filter>
    <Filter Include="Resource Files">
      <UniqueIdentifier>{67DA6AB6-F800-4c08-8B7A-83BB121AAD01}</UniqueIdentifier>
      <Extensions>rc;ico;cur;bmp;dlg;rc2;rct;bin;rgs;gif;jpg;jpeg;jpe;resx;tiff;tif;png;wav;mfcribbon-ms</Extensions>
    </Filter>
  </ItemGroup>
  <ItemGroup>
    <ClCompile Include="src\Main.cpp">
      <Filter>Source Files</Filter>
    </ClCompile>
    <ClCompile Include="src\Function\Graph\Node\Literal\LiteralNode.cpp">
      <Filter>Source Files</Filter>
    </ClCompile>
    <ClCompile Include="src\Expression\Variable\Variable.cpp">
      <Filter>Source Files</Filter>
    </ClCompile>
    <ClCompile Include="src\Function\Graph\Node\Argument\ArgumentNode.cpp">
      <Filter>Source Files</Filter>
    </ClCompile>
    <ClCompile Include="src\Function\Function.cpp">
      <Filter>Source Files</Filter>
    </ClCompile>
    <ClCompile Include="src\Function\FunctionRef.cpp">
      <Filter>Source Files</Filter>
    </ClCompile>
    <ClCompile Include="src\Function\Graph\Node\Composite\CompositeNode.cpp">
      <Filter>Source Files</Filter>
    </ClCompile>
    <ClCompile Include="src\Function\Graph\GraphFunction.cpp">
      <Filter>Source Files</Filter>
    </ClCompile>
    <ClCompile Include="src\Interpreter\VariableSet.cpp">
      <Filter>Source Files</Filter>
    </ClCompile>
    <ClCompile Include="src\Expression\Variable\Number\Number.cpp">
      <Filter>Source Files</Filter>
    </ClCompile>
    <ClCompile Include="src\Expression\Variable\Number\Real\RealNumber.cpp">
      <Filter>Source Files</Filter>
    </ClCompile>
    <ClCompile Include="src\Expression\FunctionCall\FunctionCall.cpp">
      <Filter>Source Files</Filter>
    </ClCompile>
    <ClCompile Include="src\Expression\Expression.cpp">
      <Filter>Source Files</Filter>
    </ClCompile>
    <ClCompile Include="src\Expression\Variable\List\List.cpp">
      <Filter>Source Files</Filter>
    </ClCompile>
    <ClCompile Include="src\Expression\Variable\List\Concrete\ConcreteList.cpp">
      <Filter>Source Files</Filter>
    </ClCompile>
    <ClCompile Include="src\Expression\Variable\List\Lazy\LazyList.cpp">
      <Filter>Source Files</Filter>
    </ClCompile>
    <ClCompile Include="src\Expression\Variable\List\Lazy\Finite\FiniteList.cpp">
      <Filter>Source Files</Filter>
    </ClCompile>
    <ClCompile Include="src\Expression\Variable\List\Lazy\Infinite\InfiniteList.cpp">
      <Filter>Source Files</Filter>
    </ClCompile>
    <ClCompile Include="src\Interpreter\ObjectFactory.cpp">
      <Filter>Source Files</Filter>
    </ClCompile>
    <ClCompile Include="src\StringUtils\CharUtils.cpp">
      <Filter>Source Files</Filter>
    </ClCompile>
    <ClCompile Include="src\Interpreter\LineParser.cpp">
      <Filter>Source Files</Filter>
    </ClCompile>
    <ClCompile Include="src\StringUtils\StringUtils.cpp">
      <Filter>Source Files</Filter>
    </ClCompile>
  </ItemGroup>
  <ItemGroup>
    <ClInclude Include="src\Function\Graph\Node\FunctionNode.h">
      <Filter>Header Files</Filter>
    </ClInclude>
    <ClInclude Include="src\Function\Graph\Node\Literal\LiteralNode.h">
      <Filter>Header Files</Filter>
    </ClInclude>
    <ClInclude Include="src\Expression\Expression.h">
      <Filter>Header Files</Filter>
    </ClInclude>
    <ClInclude Include="src\Expression\Variable\Variable.h">
      <Filter>Header Files</Filter>
    </ClInclude>
    <ClInclude Include="src\Function\Graph\Node\Argument\ArgumentNode.h">
      <Filter>Header Files</Filter>
    </ClInclude>
    <ClInclude Include="src\Function\Graph\Node\Composite\CompositeNode.h">
      <Filter>Header Files</Filter>
    </ClInclude>
    <ClInclude Include="src\Function\Function.h">
      <Filter>Header Files</Filter>
    </ClInclude>
    <ClInclude Include="src\Function\FunctionRef.h">
      <Filter>Header Files</Filter>
    </ClInclude>
    <ClInclude Include="src\Function\Graph\GraphFunction.h">
      <Filter>Header Files</Filter>
    </ClInclude>
    <ClInclude Include="src\Function\Wrapper\WrapperFunction.hpp">
      <Filter>Header Files</Filter>
    </ClInclude>
    <ClInclude Include="src\Interpreter\Interpreter.h">
      <Filter>Header Files</Filter>
    </ClInclude>
    <ClInclude Include="src\Interpreter\VariableSet.h">
      <Filter>Header Files</Filter>
    </ClInclude>
    <ClInclude Include="src\Expression\Variable\Number\Number.h">
      <Filter>Header Files</Filter>
    </ClInclude>
    <ClInclude Include="src\Expression\Variable\Number\Real\RealNumber.h">
      <Filter>Header Files</Filter>
    </ClInclude>
    <ClInclude Include="src\Expression\FunctionCall\FunctionCall.h">
      <Filter>Header Files</Filter>
    </ClInclude>
    <ClInclude Include="src\Expression\Variable\List\List.h">
      <Filter>Header Files</Filter>
    </ClInclude>
    <ClInclude Include="src\Expression\Variable\List\Concrete\ConcreteList.h">
      <Filter>Header Files</Filter>
    </ClInclude>
    <ClInclude Include="src\Expression\Variable\List\Lazy\LazyList.h">
      <Filter>Header Files</Filter>
    </ClInclude>
    <ClInclude Include="src\Expression\Variable\List\Lazy\Finite\FiniteList.h">
      <Filter>Header Files</Filter>
    </ClInclude>
    <ClInclude Include="src\Expression\Variable\List\Lazy\Infinite\InfiniteList.h">
      <Filter>Header Files</Filter>
    </ClInclude>
    <ClInclude Include="src\Interpreter\LineParser.h">
      <Filter>Header Files</Filter>
    </ClInclude>
    <ClInclude Include="src\Interpreter\ObjectFactory.h">
      <Filter>Header Files</Filter>
    </ClInclude>
    <ClInclude Include="src\StringUtils\StringUtils.h">
      <Filter>Header Files</Filter>
    </ClInclude>
    <ClInclude Include="src\StringUtils\CharUtils.h">
      <Filter>Header Files</Filter>
    </ClInclude>
    <ClInclude Include="src\EmbeddedFuncs.h">
      <Filter>Header Files</Filter>
    </ClInclude>
  </ItemGroup>
  <ItemGroup>
    <Text Include="functions.txt" />
  </ItemGroup>
</Project>