<?xml version="1.0" encoding="utf-8"?>
<Project ToolsVersion="4.0" xmlns="http://schemas.microsoft.com/developer/msbuild/2003">
  <ItemGroup>
    <Filter Include="Source Files">
      <UniqueIdentifier>{4FC737F1-C7A5-4376-A066-2A32D752A2FF}</UniqueIdentifier>
      <Extensions>cpp;c;cc;cxx;c++;cppm;ixx;def;odl;idl;hpj;bat;asm;asmx</Extensions>
    </Filter>
    <Filter Include="Header Files">
      <UniqueIdentifier>{93995380-89BD-4b04-88EB-625FBE52EBFB}</UniqueIdentifier>
      <Extensions>h;hh;hpp;hxx;h++;hm;inl;inc;ipp;xsd</Extensions>
    </Filter>
    <Filter Include="Resource Files">
      <UniqueIdentifier>{67DA6AB6-F800-4c08-8B7A-83BB121AAD01}</UniqueIdentifier>
      <Extensions>rc;ico;cur;bmp;dlg;rc2;rct;bin;rgs;gif;jpg;jpeg;jpe;resx;tiff;tif;png;wav;mfcribbon-ms</Extensions>
    </Filter>
  </ItemGroup>
  <ItemGroup>
    <ClCompile Include="src\Main.cpp">
      <Filter>Source Files</Filter>
    </ClCompile>
    <ClCompile Include="src\Function\Graph\Node\Literal\LiteralNode.cpp">
      <Filter>Source Files</Filter>
    </ClCompile>
    <ClCompile Include="src\Function\Graph\Node\Argument\ArgumentNode.cpp">
      <Filter>Source Files</Filter>
    </ClCompile>
    <ClCompile Include="src\Function\Function.cpp">
      <Filter>Source Files</Filter>
    </ClCompile>
    <ClCompile Include="src\Function\Graph\Node\Composite\CompositeNode.cpp">
      <Filter>Source Files</Filter>
    </ClCompile>
    <ClCompile Include="src\Function\Graph\GraphFunction.cpp">
      <Filter>Source Files</Filter>
    </ClCompile>
    <ClCompile Include="src\Interpreter\VariableSet\VariableSet.cpp">
      <Filter>Source Files</Filter>
    </ClCompile>
    <ClCompile Include="src\Expression\Call\Function\FunctionCall.cpp">
      <Filter>Source Files</Filter>
    </ClCompile>
    <ClCompile Include="src\Interpreter\InputParsing\ObjectFactory.cpp">
      <Filter>Source Files</Filter>
    </ClCompile>
    <ClCompile Include="src\StringUtils\CharUtils.cpp">
      <Filter>Source Files</Filter>
    </ClCompile>
    <ClCompile Include="src\Interpreter\InputParsing\Tokenizer.cpp">
      <Filter>Source Files</Filter>
    </ClCompile>
    <ClCompile Include="src\StringUtils\StringUtils.cpp">
      <Filter>Source Files</Filter>
    </ClCompile>
    <ClCompile Include="src\Interpreter\Interpreter.cpp">
      <Filter>Source Files</Filter>
    </ClCompile>
    <ClCompile Include="src\Interpreter\EmbeddedFunctions\Math\FuncAdd.cpp">
      <Filter>Source Files</Filter>
    </ClCompile>
    <ClCompile Include="src\Interpreter\EmbeddedFunctions\Math\FuncSubtract.cpp">
      <Filter>Source Files</Filter>
    </ClCompile>
    <ClCompile Include="src\Interpreter\EmbeddedFunctions\Math\FuncMultiply.cpp">
      <Filter>Source Files</Filter>
    </ClCompile>
    <ClCompile Include="src\Interpreter\EmbeddedFunctions\Comparison\FuncEqual.cpp">
      <Filter>Source Files</Filter>
    </ClCompile>
    <ClCompile Include="src\Interpreter\EmbeddedFunctions\ControlFlow\FuncIf.cpp">
      <Filter>Source Files</Filter>
    </ClCompile>
    <ClCompile Include="src\Interpreter\EmbeddedFunctions\Comparison\FuncLessThan.cpp">
      <Filter>Source Files</Filter>
    </ClCompile>
    <ClCompile Include="src\Interpreter\EmbeddedFunctions\Logical\FuncNot.cpp">
      <Filter>Source Files</Filter>
    </ClCompile>
    <ClCompile Include="src\Interpreter\EmbeddedFunctions\Logical\FuncAnd.cpp">
      <Filter>Source Files</Filter>
    </ClCompile>
    <ClCompile Include="src\Interpreter\EmbeddedFunctions\Logical\FuncOr.cpp">
      <Filter>Source Files</Filter>
    </ClCompile>
    <ClCompile Include="src\Interpreter\EmbeddedFunctions\Math\FuncDivide.cpp">
      <Filter>Source Files</Filter>
    </ClCompile>
    <ClCompile Include="src\Interpreter\EmbeddedFunctions\Math\FuncMod.cpp">
      <Filter>Source Files</Filter>
    </ClCompile>
    <ClCompile Include="src\Interpreter\EmbeddedFunctions\Math\FuncSqrt.cpp">
      <Filter>Source Files</Filter>
    </ClCompile>
    <ClCompile Include="src\Interpreter\EmbeddedFunctions\Conversion\FuncInt.cpp">
      <Filter>Source Files</Filter>
    </ClCompile>
    <ClCompile Include="src\Interpreter\EmbeddedFunctions\Conversion\FuncBool.cpp">
      <Filter>Source Files</Filter>
    </ClCompile>
    <ClCompile Include="src\Interpreter\EmbeddedFunctions\Comparison\FuncNotEqual.cpp">
      <Filter>Source Files</Filter>
    </ClCompile>
    <ClCompile Include="src\Interpreter\EmbeddedFunctions\Comparison\FuncLessOrEqual.cpp">
      <Filter>Source Files</Filter>
    </ClCompile>
    <ClCompile Include="src\Interpreter\EmbeddedFunctions\Comparison\FuncGreaterThan.cpp">
      <Filter>Source Files</Filter>
    </ClCompile>
    <ClCompile Include="src\Interpreter\EmbeddedFunctions\Comparison\FuncGreaterOrEqual.cpp">
      <Filter>Source Files</Filter>
    </ClCompile>
    <ClCompile Include="src\Interpreter\EmbeddedFunctions\InputOutput\FuncPrint.cpp">
      <Filter>Source Files</Filter>
    </ClCompile>
    <ClCompile Include="src\Interpreter\EmbeddedFunctions\InputOutput\FuncInput.cpp">
      <Filter>Source Files</Filter>
    </ClCompile>
    <ClCompile Include="src\Interpreter\EmbeddedFunctions\List\FuncList.cpp">
      <Filter>Source Files</Filter>
    </ClCompile>
    <ClCompile Include="src\Interpreter\EmbeddedFunctions\List\FuncTail.cpp">
      <Filter>Source Files</Filter>
    </ClCompile>
    <ClCompile Include="src\Interpreter\EmbeddedFunctions\List\FuncHead.cpp">
      <Filter>Source Files</Filter>
    </ClCompile>
    <ClCompile Include="src\Interpreter\EmbeddedFunctions\List\FuncConcat.cpp">
      <Filter>Source Files</Filter>
    </ClCompile>
    <ClCompile Include="src\Interpreter\EmbeddedFunctions\List\FuncLength.cpp">
      <Filter>Source Files</Filter>
    </ClCompile>
    <ClCompile Include="src\Expression\Literal\Number\NumberLiteral.cpp">
      <Filter>Source Files</Filter>
    </ClCompile>
    <ClCompile Include="src\Expression\Literal\List\ListLiteral.cpp">
      <Filter>Source Files</Filter>
    </ClCompile>
    <ClCompile Include="src\Expression\Literal\Literal.cpp">
      <Filter>Source Files</Filter>
    </ClCompile>
    <ClCompile Include="src\Value\List\Concrete\ConcreteList.cpp">
      <Filter>Source Files</Filter>
    </ClCompile>
    <ClCompile Include="src\Value\List\Lazy\Finite\FiniteList.cpp">
      <Filter>Source Files</Filter>
    </ClCompile>
    <ClCompile Include="src\Value\List\Lazy\Infinite\InfiniteList.cpp">
      <Filter>Source Files</Filter>
    </ClCompile>
    <ClCompile Include="src\Value\List\Lazy\LazyList.cpp">
      <Filter>Source Files</Filter>
    </ClCompile>
    <ClCompile Include="src\Value\List\List.cpp">
      <Filter>Source Files</Filter>
    </ClCompile>
    <ClCompile Include="src\Value\Number\RealNumber.cpp">
      <Filter>Source Files</Filter>
    </ClCompile>
  </ItemGroup>
  <ItemGroup>
    <ClInclude Include="src\Function\Graph\Node\FunctionNode.h">
      <Filter>Header Files</Filter>
    </ClInclude>
    <ClInclude Include="src\Function\Graph\Node\Literal\LiteralNode.h">
      <Filter>Header Files</Filter>
    </ClInclude>
    <ClInclude Include="src\Expression\Expression.h">
      <Filter>Header Files</Filter>
    </ClInclude>
    <ClInclude Include="src\Function\Graph\Node\Argument\ArgumentNode.h">
      <Filter>Header Files</Filter>
    </ClInclude>
    <ClInclude Include="src\Function\Graph\Node\Composite\CompositeNode.h">
      <Filter>Header Files</Filter>
    </ClInclude>
    <ClInclude Include="src\Function\Function.h">
      <Filter>Header Files</Filter>
    </ClInclude>
    <ClInclude Include="src\Function\Graph\GraphFunction.h">
      <Filter>Header Files</Filter>
    </ClInclude>
    <ClInclude Include="src\Function\Wrapper\WrapperFunction.hpp">
      <Filter>Header Files</Filter>
    </ClInclude>
    <ClInclude Include="src\Interpreter\Interpreter.h">
      <Filter>Header Files</Filter>
    </ClInclude>
    <ClInclude Include="src\Interpreter\VariableSet\VariableSet.h">
      <Filter>Header Files</Filter>
    </ClInclude>
    <ClInclude Include="src\Expression\Call\Function\FunctionCall.h">
      <Filter>Header Files</Filter>
    </ClInclude>
    <ClInclude Include="src\Interpreter\InputParsing\Tokenizer.h">
      <Filter>Header Files</Filter>
    </ClInclude>
    <ClInclude Include="src\Interpreter\InputParsing\ObjectFactory.h">
      <Filter>Header Files</Filter>
    </ClInclude>
    <ClInclude Include="src\StringUtils\StringUtils.h">
      <Filter>Header Files</Filter>
    </ClInclude>
    <ClInclude Include="src\StringUtils\CharUtils.h">
      <Filter>Header Files</Filter>
    </ClInclude>
    <ClInclude Include="src\Interpreter\EmbeddedFunctions\Math\FuncAdd.h">
      <Filter>Header Files</Filter>
    </ClInclude>
    <ClInclude Include="src\Expression\ExpressionType.h">
      <Filter>Header Files</Filter>
    </ClInclude>
    <ClInclude Include="src\Interpreter\EmbeddedFunctions\Math\FuncSubtract.h">
      <Filter>Header Files</Filter>
    </ClInclude>
    <ClInclude Include="src\Interpreter\EmbeddedFunctions\Math\FuncMultiply.h">
      <Filter>Header Files</Filter>
    </ClInclude>
    <ClInclude Include="src\Interpreter\EmbeddedFunctions\Comparison\FuncEqual.h">
      <Filter>Header Files</Filter>
    </ClInclude>
    <ClInclude Include="src\Interpreter\EmbeddedFunctions\ControlFlow\FuncIf.h">
      <Filter>Header Files</Filter>
    </ClInclude>
    <ClInclude Include="src\Interpreter\EmbeddedFunctions\Comparison\FuncLessThan.h">
      <Filter>Header Files</Filter>
    </ClInclude>
    <ClInclude Include="src\Interpreter\EmbeddedFunctions\Logical\FuncAnd.h">
      <Filter>Header Files</Filter>
    </ClInclude>
    <ClInclude Include="src\Interpreter\EmbeddedFunctions\Logical\FuncOr.h">
      <Filter>Header Files</Filter>
    </ClInclude>
    <ClInclude Include="src\Interpreter\EmbeddedFunctions\Logical\FuncNot.h">
      <Filter>Header Files</Filter>
    </ClInclude>
    <ClInclude Include="src\Interpreter\EmbeddedFunctions\Math\FuncDivide.h">
      <Filter>Header Files</Filter>
    </ClInclude>
    <ClInclude Include="src\Interpreter\EmbeddedFunctions\Math\FuncMod.h">
      <Filter>Header Files</Filter>
    </ClInclude>
    <ClInclude Include="src\Interpreter\EmbeddedFunctions\Math\FuncSqrt.h">
      <Filter>Header Files</Filter>
    </ClInclude>
    <ClInclude Include="src\Interpreter\EmbeddedFunctions\Conversion\FuncInt.h">
      <Filter>Header Files</Filter>
    </ClInclude>
    <ClInclude Include="src\Interpreter\EmbeddedFunctions\Conversion\FuncBool.h">
      <Filter>Header Files</Filter>
    </ClInclude>
    <ClInclude Include="src\Interpreter\EmbeddedFunctions\Comparison\FuncNotEqual.h">
      <Filter>Header Files</Filter>
    </ClInclude>
    <ClInclude Include="src\Interpreter\EmbeddedFunctions\Comparison\FuncLessOrEqual.h">
      <Filter>Header Files</Filter>
    </ClInclude>
    <ClInclude Include="src\Interpreter\EmbeddedFunctions\Comparison\FuncGreaterThan.h">
      <Filter>Header Files</Filter>
    </ClInclude>
    <ClInclude Include="src\Interpreter\EmbeddedFunctions\Comparison\FuncGreaterOrEqual.h">
      <Filter>Header Files</Filter>
    </ClInclude>
    <ClInclude Include="src\Interpreter\EmbeddedFunctions\InputOutput\FuncPrint.h">
      <Filter>Header Files</Filter>
    </ClInclude>
    <ClInclude Include="src\Interpreter\EmbeddedFunctions\InputOutput\FuncInput.h">
      <Filter>Header Files</Filter>
    </ClInclude>
    <ClInclude Include="src\Interpreter\EmbeddedFunctions\List\FuncLength.h">
      <Filter>Header Files</Filter>
    </ClInclude>
    <ClInclude Include="src\Interpreter\EmbeddedFunctions\List\FuncHead.h">
      <Filter>Header Files</Filter>
    </ClInclude>
    <ClInclude Include="src\Interpreter\EmbeddedFunctions\List\FuncTail.h">
      <Filter>Header Files</Filter>
    </ClInclude>
    <ClInclude Include="src\Interpreter\EmbeddedFunctions\List\FuncConcat.h">
      <Filter>Header Files</Filter>
    </ClInclude>
    <ClInclude Include="src\Interpreter\EmbeddedFunctions\List\FuncList.h">
      <Filter>Header Files</Filter>
    </ClInclude>
    <ClInclude Include="src\Expression\Call\Call.h">
      <Filter>Header Files</Filter>
    </ClInclude>
    <ClInclude Include="src\Expression\Literal\Literal.h">
      <Filter>Header Files</Filter>
    </ClInclude>
    <ClInclude Include="src\Expression\Literal\Number\NumberLiteral.h">
      <Filter>Header Files</Filter>
    </ClInclude>
    <ClInclude Include="src\Expression\Literal\List\ListLiteral.h">
      <Filter>Header Files</Filter>
    </ClInclude>
    <ClInclude Include="src\Object\Object.h">
      <Filter>Header Files</Filter>
    </ClInclude>
    <ClInclude Include="src\Value\List\Concrete\ConcreteList.h">
      <Filter>Header Files</Filter>
    </ClInclude>
    <ClInclude Include="src\Value\List\Lazy\Finite\FiniteList.h">
      <Filter>Header Files</Filter>
    </ClInclude>
    <ClInclude Include="src\Value\List\Lazy\Infinite\InfiniteList.h">
      <Filter>Header Files</Filter>
    </ClInclude>
    <ClInclude Include="src\Value\List\Lazy\LazyList.h">
      <Filter>Header Files</Filter>
    </ClInclude>
    <ClInclude Include="src\Value\List\List.h">
      <Filter>Header Files</Filter>
    </ClInclude>
    <ClInclude Include="src\Value\Number\RealNumber.h">
      <Filter>Header Files</Filter>
    </ClInclude>
    <ClInclude Include="src\Value\Value.h">
      <Filter>Header Files</Filter>
    </ClInclude>
    <ClInclude Include="src\Value\ValueType.h">
      <Filter>Header Files</Filter>
    </ClInclude>
  </ItemGroup>
  <ItemGroup>
    <Text Include="functions.txt" />
    <Text Include="notes.txt" />
  </ItemGroup>
</Project>